
Microsoft Visual Studio Solution File, Format Version 12.00
# Visual Studio Version 16
VisualStudioVersion = 16.0.31112.23
MinimumVisualStudioVersion = 10.0.40219.1
Project("{FAE04EC0-301F-11D3-BF4B-00C04F79EFBC}") = "TCP Replication", "TCP Replication\TCP Replication.csproj", "{E8AD6005-39FA-4382-A3AC-A194E5F376A3}"
EndProject
Global
	GlobalSection(SolutionConfigurationPlatforms) = preSolution
		Debug|Any CPU = Debug|Any CPU
		Release|Any CPU = Release|Any CPU
	EndGlobalSection
	GlobalSection(ProjectConfigurationPlatforms) = postSolution
		{E8AD6005-39FA-4382-A3AC-A194E5F376A3}.Debug|Any CPU.ActiveCfg = Debug|Any CPU
		{E8AD6005-39FA-4382-A3AC-A194E5F376A3}.Debug|Any CPU.Build.0 = Debug|Any CPU
		{E8AD6005-39FA-4382-A3AC-A194E5F376A3}.Release|Any CPU.ActiveCfg = Release|Any CPU
		{E8AD6005-39FA-4382-A3AC-A194E5F376A3}.Release|Any CPU.Build.0 = Release|Any CPU
	EndGlobalSection
	GlobalSection(SolutionProperties) = preSolution
		HideSolutionNode = FALSE
	EndGlobalSection
	GlobalSection(ExtensibilityGlobals) = postSolution
		SolutionGuid = {CF1682DB-88FE-4F81-8A85-153A0FC87C19}
	EndGlobalSection
EndGlobal
